{
  "name": "zues_automation",
  "version": "1.0.0",
  "lockfileVersion": 1,
  "requires": true,
  "dependencies": {
    "playright": {
      "version": "0.0.22",
      "resolved": "https://registry.npmjs.org/playright/-/playright-0.0.22.tgz",
      "integrity": "sha512-CAnov0flTUoiXrypVkbtDmY/K0iKCrW/RGlUO9a8jIah7u7NkTteLFt3GKHkIWOAM7rp9N751MgBGg9IkhdiYw==",
      "requires": {
        "playwright": "^1.12.2",
        "typescript": "^4.1.2"
      }
    },
    "playwright": {
      "version": "1.32.0",
      "resolved": "https://registry.npmjs.org/playwright/-/playwright-1.32.0.tgz",
      "integrity": "sha512-zQVzxTGoC/ak2Zu0l3CeBGQ6z5oOka5ecUOk+5QbmAerih6CaVsjY9BjjhiN+UOImd3xLiNeCcmLEWcXlz1Dlg==",
      "requires": {
        "playwright-core": "1.32.0"
      },
      "dependencies": {
        "playwright-core": {
          "version": "1.32.0",
          "resolved": "https://registry.npmjs.org/playwright-core/-/playwright-core-1.32.0.tgz",
          "integrity": "sha512-Z9Ij17X5Z3bjpp6XKujGBp9Gv4eViESac9aDmwgQFUEJBW0K80T21m/Z+XJQlu4cNsvPygw33b6V1Va6Bda5zQ=="
        }
      }
    },
    "typescript": {
      "version": "4.9.5",
      "resolved": "https://registry.npmjs.org/typescript/-/typescript-4.9.5.tgz",
      "integrity": "sha512-1FXk9E2Hm+QzZQ7z+McJiHL4NW1F2EzMu9Nq9i3zAaGqibafqYwCVU6WyWAuyQRRzOlxou8xZSyXLEN8oKj24g=="
    }
  }
}
